
Microsoft Visual Studio Solution File, Format Version 12.00
# Visual Studio Version 17
VisualStudioVersion = 17.0.31903.59
MinimumVisualStudioVersion = 10.0.40219.1
Project("{2150E333-8FDC-42A3-9474-1A3956D46DE8}") = "src", "src", "{C0A51F4E-E529-4913-8AEC-D1A8BCC3201E}"
EndProject
Project("{FAE04EC0-301F-11D3-BF4B-00C04F79EFBC}") = "Hongmeng.WorkOrder.ImportHelper", "src\Hongmeng.WorkOrder.ImportHelper\Hongmeng.WorkOrder.ImportHelper.csproj", "{0823351D-0AD2-4458-8FA4-B0C0BC735A0A}"
EndProject
Project("{2150E333-8FDC-42A3-9474-1A3956D46DE8}") = "tests", "tests", "{CAE23D7C-DF6D-4639-AEE9-9859C4389250}"
EndProject
Project("{FAE04EC0-301F-11D3-BF4B-00C04F79EFBC}") = "Hongmeng.WorkOrder.ImportHelper.Tests", "tests\Hongmeng.WorkOrder.ImportHelper.Tests\Hongmeng.WorkOrder.ImportHelper.Tests.csproj", "{E7913023-7E19-4472-9DAD-9D355FFE54F3}"
EndProject
Global
	GlobalSection(SolutionConfigurationPlatforms) = preSolution
		Debug|Any CPU = Debug|Any CPU
		Release|Any CPU = Release|Any CPU
	EndGlobalSection
	GlobalSection(SolutionProperties) = preSolution
		HideSolutionNode = FALSE
	EndGlobalSection
	GlobalSection(ProjectConfigurationPlatforms) = postSolution
		{0823351D-0AD2-4458-8FA4-B0C0BC735A0A}.Debug|Any CPU.ActiveCfg = Debug|Any CPU
		{0823351D-0AD2-4458-8FA4-B0C0BC735A0A}.Debug|Any CPU.Build.0 = Debug|Any CPU
		{0823351D-0AD2-4458-8FA4-B0C0BC735A0A}.Release|Any CPU.ActiveCfg = Release|Any CPU
		{0823351D-0AD2-4458-8FA4-B0C0BC735A0A}.Release|Any CPU.Build.0 = Release|Any CPU
		{E7913023-7E19-4472-9DAD-9D355FFE54F3}.Debug|Any CPU.ActiveCfg = Debug|Any CPU
		{E7913023-7E19-4472-9DAD-9D355FFE54F3}.Debug|Any CPU.Build.0 = Debug|Any CPU
		{E7913023-7E19-4472-9DAD-9D355FFE54F3}.Release|Any CPU.ActiveCfg = Release|Any CPU
		{E7913023-7E19-4472-9DAD-9D355FFE54F3}.Release|Any CPU.Build.0 = Release|Any CPU
	EndGlobalSection
	GlobalSection(NestedProjects) = preSolution
		{0823351D-0AD2-4458-8FA4-B0C0BC735A0A} = {C0A51F4E-E529-4913-8AEC-D1A8BCC3201E}
		{E7913023-7E19-4472-9DAD-9D355FFE54F3} = {CAE23D7C-DF6D-4639-AEE9-9859C4389250}
	EndGlobalSection
EndGlobal
